// !$*UTF8*$!
{
	archiveVersion = 1;
	classes = {
	};
	objectVersion = 48;
	objects = {

/* Begin PBXBuildFile section */
		1F053052205662E10032DC33 /* ThreadLockViewController.m in Sources */ = {isa = PBXBuildFile; fileRef = 1F053051205662E10032DC33 /* ThreadLockViewController.m */; };
		1F0A1FA320526E2C005874DE /* SingleTableVC.m in Sources */ = {isa = PBXBuildFile; fileRef = 1F0A1FA220526E2C005874DE /* SingleTableVC.m */; };
		1F0A1FA720526E46005874DE /* CommCell.m in Sources */ = {isa = PBXBuildFile; fileRef = 1F0A1FA520526E46005874DE /* CommCell.m */; };
		1F0A1FA820526E46005874DE /* CommCell.xib in Resources */ = {isa = PBXBuildFile; fileRef = 1F0A1FA620526E46005874DE /* CommCell.xib */; };
		1F0A1FAB20526E51005874DE /* Model.m in Sources */ = {isa = PBXBuildFile; fileRef = 1F0A1FAA20526E51005874DE /* Model.m */; };
		1F0A1FAE20526EC0005874DE /* MultipleTableVC.m in Sources */ = {isa = PBXBuildFile; fileRef = 1F0A1FAD20526EC0005874DE /* MultipleTableVC.m */; };
		1F0A1FB720526F66005874DE /* MultiplePageOneVC.m in Sources */ = {isa = PBXBuildFile; fileRef = 1F0A1FB620526F66005874DE /* MultiplePageOneVC.m */; };
		1F0A1FBA20526F74005874DE /* MultiplePageTwoVC.m in Sources */ = {isa = PBXBuildFile; fileRef = 1F0A1FB920526F74005874DE /* MultiplePageTwoVC.m */; };
		1F0A1FC120527212005874DE /* TimerManager.m in Sources */ = {isa = PBXBuildFile; fileRef = 1F0A1FC020527212005874DE /* TimerManager.m */; };
		1F8743F8204FB5C1004BEFC7 /* AppDelegate.m in Sources */ = {isa = PBXBuildFile; fileRef = 1F8743F7204FB5C1004BEFC7 /* AppDelegate.m */; };
		1F8743FB204FB5C1004BEFC7 /* ViewController.m in Sources */ = {isa = PBXBuildFile; fileRef = 1F8743FA204FB5C1004BEFC7 /* ViewController.m */; };
		1F8743FE204FB5C1004BEFC7 /* Main.storyboard in Resources */ = {isa = PBXBuildFile; fileRef = 1F8743FC204FB5C1004BEFC7 /* Main.storyboard */; };
		1F874400204FB5C1004BEFC7 /* Assets.xcassets in Resources */ = {isa = PBXBuildFile; fileRef = 1F8743FF204FB5C1004BEFC7 /* Assets.xcassets */; };
		1F874403204FB5C1004BEFC7 /* LaunchScreen.storyboard in Resources */ = {isa = PBXBuildFile; fileRef = 1F874401204FB5C1004BEFC7 /* LaunchScreen.storyboard */; };
		1F874406204FB5C1004BEFC7 /* main.m in Sources */ = {isa = PBXBuildFile; fileRef = 1F874405204FB5C1004BEFC7 /* main.m */; };
		1F874410204FB5C1004BEFC7 /* RunLoopTests.m in Sources */ = {isa = PBXBuildFile; fileRef = 1F87440F204FB5C1004BEFC7 /* RunLoopTests.m */; };
		1F87441B204FB5C1004BEFC7 /* RunLoopUITests.m in Sources */ = {isa = PBXBuildFile; fileRef = 1F87441A204FB5C1004BEFC7 /* RunLoopUITests.m */; };
		1FDD850D2050D5CB0052A176 /* TabViewController.m in Sources */ = {isa = PBXBuildFile; fileRef = 1FDD850C2050D5CB0052A176 /* TabViewController.m */; };
		9E1115271E4F636090AA0E0B /* Pods_RunLoop.framework in Frameworks */ = {isa = PBXBuildFile; fileRef = F9F44E8D2290D1849167D4F0 /* Pods_RunLoop.framework */; };
/* End PBXBuildFile section */

/* Begin PBXContainerItemProxy section */
		1F87440C204FB5C1004BEFC7 /* PBXContainerItemProxy */ = {
			isa = PBXContainerItemProxy;
			containerPortal = 1F8743EB204FB5C1004BEFC7 /* Project object */;
			proxyType = 1;
			remoteGlobalIDString = 1F8743F2204FB5C1004BEFC7;
			remoteInfo = RunLoop;
		};
		1F874417204FB5C1004BEFC7 /* PBXContainerItemProxy */ = {
			isa = PBXContainerItemProxy;
			containerPortal = 1F8743EB204FB5C1004BEFC7 /* Project object */;
			proxyType = 1;
			remoteGlobalIDString = 1F8743F2204FB5C1004BEFC7;
			remoteInfo = RunLoop;
		};
/* End PBXContainerItemProxy section */

/* Begin PBXFileReference section */
		0A2C061DD4B71E3EF329AA3A /* Pods-RunLoop.release.xcconfig */ = {isa = PBXFileReference; includeInIndex = 1; lastKnownFileType = text.xcconfig; name = "Pods-RunLoop.release.xcconfig"; path = "Pods/Target Support Files/Pods-RunLoop/Pods-RunLoop.release.xcconfig"; sourceTree = "<group>"; };
		1F053050205662E10032DC33 /* ThreadLockViewController.h */ = {isa = PBXFileReference; lastKnownFileType = sourcecode.c.h; path = ThreadLockViewController.h; sourceTree = "<group>"; };
		1F053051205662E10032DC33 /* ThreadLockViewController.m */ = {isa = PBXFileReference; lastKnownFileType = sourcecode.c.objc; path = ThreadLockViewController.m; sourceTree = "<group>"; };
		1F0A1FA120526E2C005874DE /* SingleTableVC.h */ = {isa = PBXFileReference; lastKnownFileType = sourcecode.c.h; path = SingleTableVC.h; sourceTree = "<group>"; };
		1F0A1FA220526E2C005874DE /* SingleTableVC.m */ = {isa = PBXFileReference; lastKnownFileType = sourcecode.c.objc; path = SingleTableVC.m; sourceTree = "<group>"; };
		1F0A1FA420526E46005874DE /* CommCell.h */ = {isa = PBXFileReference; lastKnownFileType = sourcecode.c.h; path = CommCell.h; sourceTree = "<group>"; };
		1F0A1FA520526E46005874DE /* CommCell.m */ = {isa = PBXFileReference; lastKnownFileType = sourcecode.c.objc; path = CommCell.m; sourceTree = "<group>"; };
		1F0A1FA620526E46005874DE /* CommCell.xib */ = {isa = PBXFileReference; lastKnownFileType = file.xib; path = CommCell.xib; sourceTree = "<group>"; };
		1F0A1FA920526E51005874DE /* Model.h */ = {isa = PBXFileReference; lastKnownFileType = sourcecode.c.h; path = Model.h; sourceTree = "<group>"; };
		1F0A1FAA20526E51005874DE /* Model.m */ = {isa = PBXFileReference; lastKnownFileType = sourcecode.c.objc; path = Model.m; sourceTree = "<group>"; };
		1F0A1FAC20526EC0005874DE /* MultipleTableVC.h */ = {isa = PBXFileReference; lastKnownFileType = sourcecode.c.h; path = MultipleTableVC.h; sourceTree = "<group>"; };
		1F0A1FAD20526EC0005874DE /* MultipleTableVC.m */ = {isa = PBXFileReference; lastKnownFileType = sourcecode.c.objc; path = MultipleTableVC.m; sourceTree = "<group>"; };
		1F0A1FB520526F66005874DE /* MultiplePageOneVC.h */ = {isa = PBXFileReference; lastKnownFileType = sourcecode.c.h; path = MultiplePageOneVC.h; sourceTree = "<group>"; };
		1F0A1FB620526F66005874DE /* MultiplePageOneVC.m */ = {isa = PBXFileReference; lastKnownFileType = sourcecode.c.objc; path = MultiplePageOneVC.m; sourceTree = "<group>"; };
		1F0A1FB820526F74005874DE /* MultiplePageTwoVC.h */ = {isa = PBXFileReference; lastKnownFileType = sourcecode.c.h; path = MultiplePageTwoVC.h; sourceTree = "<group>"; };
		1F0A1FB920526F74005874DE /* MultiplePageTwoVC.m */ = {isa = PBXFileReference; lastKnownFileType = sourcecode.c.objc; path = MultiplePageTwoVC.m; sourceTree = "<group>"; };
		1F0A1FBF20527212005874DE /* TimerManager.h */ = {isa = PBXFileReference; lastKnownFileType = sourcecode.c.h; path = TimerManager.h; sourceTree = "<group>"; };
		1F0A1FC020527212005874DE /* TimerManager.m */ = {isa = PBXFileReference; lastKnownFileType = sourcecode.c.objc; path = TimerManager.m; sourceTree = "<group>"; };
		1F8743F3204FB5C1004BEFC7 /* RunLoop.app */ = {isa = PBXFileReference; explicitFileType = wrapper.application; includeInIndex = 0; path = RunLoop.app; sourceTree = BUILT_PRODUCTS_DIR; };
		1F8743F6204FB5C1004BEFC7 /* AppDelegate.h */ = {isa = PBXFileReference; lastKnownFileType = sourcecode.c.h; path = AppDelegate.h; sourceTree = "<group>"; };
		1F8743F7204FB5C1004BEFC7 /* AppDelegate.m */ = {isa = PBXFileReference; lastKnownFileType = sourcecode.c.objc; path = AppDelegate.m; sourceTree = "<group>"; };
		1F8743F9204FB5C1004BEFC7 /* ViewController.h */ = {isa = PBXFileReference; lastKnownFileType = sourcecode.c.h; path = ViewController.h; sourceTree = "<group>"; };
		1F8743FA204FB5C1004BEFC7 /* ViewController.m */ = {isa = PBXFileReference; lastKnownFileType = sourcecode.c.objc; path = ViewController.m; sourceTree = "<group>"; };
		1F8743FD204FB5C1004BEFC7 /* Base */ = {isa = PBXFileReference; lastKnownFileType = file.storyboard; name = Base; path = Base.lproj/Main.storyboard; sourceTree = "<group>"; };
		1F8743FF204FB5C1004BEFC7 /* Assets.xcassets */ = {isa = PBXFileReference; lastKnownFileType = folder.assetcatalog; path = Assets.xcassets; sourceTree = "<group>"; };
		1F874402204FB5C1004BEFC7 /* Base */ = {isa = PBXFileReference; lastKnownFileType = file.storyboard; name = Base; path = Base.lproj/LaunchScreen.storyboard; sourceTree = "<group>"; };
		1F874404204FB5C1004BEFC7 /* Info.plist */ = {isa = PBXFileReference; lastKnownFileType = text.plist.xml; path = Info.plist; sourceTree = "<group>"; };
		1F874405204FB5C1004BEFC7 /* main.m */ = {isa = PBXFileReference; lastKnownFileType = sourcecode.c.objc; path = main.m; sourceTree = "<group>"; };
		1F87440B204FB5C1004BEFC7 /* RunLoopTests.xctest */ = {isa = PBXFileReference; explicitFileType = wrapper.cfbundle; includeInIndex = 0; path = RunLoopTests.xctest; sourceTree = BUILT_PRODUCTS_DIR; };
		1F87440F204FB5C1004BEFC7 /* RunLoopTests.m */ = {isa = PBXFileReference; lastKnownFileType = sourcecode.c.objc; path = RunLoopTests.m; sourceTree = "<group>"; };
		1F874411204FB5C1004BEFC7 /* Info.plist */ = {isa = PBXFileReference; lastKnownFileType = text.plist.xml; path = Info.plist; sourceTree = "<group>"; };
		1F874416204FB5C1004BEFC7 /* RunLoopUITests.xctest */ = {isa = PBXFileReference; explicitFileType = wrapper.cfbundle; includeInIndex = 0; path = RunLoopUITests.xctest; sourceTree = BUILT_PRODUCTS_DIR; };
		1F87441A204FB5C1004BEFC7 /* RunLoopUITests.m */ = {isa = PBXFileReference; lastKnownFileType = sourcecode.c.objc; path = RunLoopUITests.m; sourceTree = "<group>"; };
		1F87441C204FB5C1004BEFC7 /* Info.plist */ = {isa = PBXFileReference; lastKnownFileType = text.plist.xml; path = Info.plist; sourceTree = "<group>"; };
		1FDD850B2050D5CB0052A176 /* TabViewController.h */ = {isa = PBXFileReference; lastKnownFileType = sourcecode.c.h; path = TabViewController.h; sourceTree = "<group>"; };
		1FDD850C2050D5CB0052A176 /* TabViewController.m */ = {isa = PBXFileReference; lastKnownFileType = sourcecode.c.objc; path = TabViewController.m; sourceTree = "<group>"; };
		A02C5FB556723B761F4415FC /* Pods-RunLoop.debug.xcconfig */ = {isa = PBXFileReference; includeInIndex = 1; lastKnownFileType = text.xcconfig; name = "Pods-RunLoop.debug.xcconfig"; path = "Pods/Target Support Files/Pods-RunLoop/Pods-RunLoop.debug.xcconfig"; sourceTree = "<group>"; };
		F9F44E8D2290D1849167D4F0 /* Pods_RunLoop.framework */ = {isa = PBXFileReference; explicitFileType = wrapper.framework; includeInIndex = 0; path = Pods_RunLoop.framework; sourceTree = BUILT_PRODUCTS_DIR; };
/* End PBXFileReference section */

/* Begin PBXFrameworksBuildPhase section */
		1F8743F0204FB5C1004BEFC7 /* Frameworks */ = {
			isa = PBXFrameworksBuildPhase;
			buildActionMask = 2147483647;
			files = (
				9E1115271E4F636090AA0E0B /* Pods_RunLoop.framework in Frameworks */,
			);
			runOnlyForDeploymentPostprocessing = 0;
		};
		1F874408204FB5C1004BEFC7 /* Frameworks */ = {
			isa = PBXFrameworksBuildPhase;
			buildActionMask = 2147483647;
			files = (
			);
			runOnlyForDeploymentPostprocessing = 0;
		};
		1F874413204FB5C1004BEFC7 /* Frameworks */ = {
			isa = PBXFrameworksBuildPhase;
			buildActionMask = 2147483647;
			files = (
			);
			runOnlyForDeploymentPostprocessing = 0;
		};
/* End PBXFrameworksBuildPhase section */

/* Begin PBXGroup section */
		081C6000CE76DFEDA985F72B /* Frameworks */ = {
			isa = PBXGroup;
			children = (
				F9F44E8D2290D1849167D4F0 /* Pods_RunLoop.framework */,
			);
			name = Frameworks;
			sourceTree = "<group>";
		};
		1F0A1FBE20527206005874DE /* TimerManager */ = {
			isa = PBXGroup;
			children = (
				1F0A1FBF20527212005874DE /* TimerManager.h */,
				1F0A1FC020527212005874DE /* TimerManager.m */,
			);
			path = TimerManager;
			sourceTree = SOURCE_ROOT;
		};
		1F8743EA204FB5C1004BEFC7 = {
			isa = PBXGroup;
			children = (
				1F8743F5204FB5C1004BEFC7 /* RunLoop */,
				1F87440E204FB5C1004BEFC7 /* RunLoopTests */,
				1F874419204FB5C1004BEFC7 /* RunLoopUITests */,
				1F8743F4204FB5C1004BEFC7 /* Products */,
				F3368BE341A9A9CA713E3133 /* Pods */,
				081C6000CE76DFEDA985F72B /* Frameworks */,
			);
			sourceTree = "<group>";
		};
		1F8743F4204FB5C1004BEFC7 /* Products */ = {
			isa = PBXGroup;
			children = (
				1F8743F3204FB5C1004BEFC7 /* RunLoop.app */,
				1F87440B204FB5C1004BEFC7 /* RunLoopTests.xctest */,
				1F874416204FB5C1004BEFC7 /* RunLoopUITests.xctest */,
			);
			name = Products;
			sourceTree = "<group>";
		};
		1F8743F5204FB5C1004BEFC7 /* RunLoop */ = {
			isa = PBXGroup;
			children = (
				1F0A1FBE20527206005874DE /* TimerManager */,
				1FDD851320526DDF0052A176 /* List */,
				1FDD850A2050D5BB0052A176 /* CountDown */,
				1F8743F6204FB5C1004BEFC7 /* AppDelegate.h */,
				1F8743F7204FB5C1004BEFC7 /* AppDelegate.m */,
				1F8743F9204FB5C1004BEFC7 /* ViewController.h */,
				1F8743FA204FB5C1004BEFC7 /* ViewController.m */,
				1F053050205662E10032DC33 /* ThreadLockViewController.h */,
				1F053051205662E10032DC33 /* ThreadLockViewController.m */,
				1F8743FC204FB5C1004BEFC7 /* Main.storyboard */,
				1F8743FF204FB5C1004BEFC7 /* Assets.xcassets */,
				1F874401204FB5C1004BEFC7 /* LaunchScreen.storyboard */,
				1F874404204FB5C1004BEFC7 /* Info.plist */,
				1F874405204FB5C1004BEFC7 /* main.m */,
			);
			path = RunLoop;
			sourceTree = "<group>";
		};
		1F87440E204FB5C1004BEFC7 /* RunLoopTests */ = {
			isa = PBXGroup;
			children = (
				1F87440F204FB5C1004BEFC7 /* RunLoopTests.m */,
				1F874411204FB5C1004BEFC7 /* Info.plist */,
			);
			path = RunLoopTests;
			sourceTree = "<group>";
		};
		1F874419204FB5C1004BEFC7 /* RunLoopUITests */ = {
			isa = PBXGroup;
			children = (
				1F87441A204FB5C1004BEFC7 /* RunLoopUITests.m */,
				1F87441C204FB5C1004BEFC7 /* Info.plist */,
			);
			path = RunLoopUITests;
			sourceTree = "<group>";
		};
		1FDD850A2050D5BB0052A176 /* CountDown */ = {
			isa = PBXGroup;
			children = (
				1FDD850B2050D5CB0052A176 /* TabViewController.h */,
				1FDD850C2050D5CB0052A176 /* TabViewController.m */,
			);
			path = CountDown;
			sourceTree = "<group>";
		};
		1FDD851320526DDF0052A176 /* List */ = {
			isa = PBXGroup;
			children = (
				1F0A1FA120526E2C005874DE /* SingleTableVC.h */,
				1F0A1FA220526E2C005874DE /* SingleTableVC.m */,
				1F0A1FAC20526EC0005874DE /* MultipleTableVC.h */,
				1F0A1FAD20526EC0005874DE /* MultipleTableVC.m */,
				1F0A1FB520526F66005874DE /* MultiplePageOneVC.h */,
				1F0A1FB620526F66005874DE /* MultiplePageOneVC.m */,
				1F0A1FB820526F74005874DE /* MultiplePageTwoVC.h */,
				1F0A1FB920526F74005874DE /* MultiplePageTwoVC.m */,
				1F0A1FA420526E46005874DE /* CommCell.h */,
				1F0A1FA520526E46005874DE /* CommCell.m */,
				1F0A1FA620526E46005874DE /* CommCell.xib */,
				1F0A1FA920526E51005874DE /* Model.h */,
				1F0A1FAA20526E51005874DE /* Model.m */,
			);
			path = List;
			sourceTree = "<group>";
		};
		F3368BE341A9A9CA713E3133 /* Pods */ = {
			isa = PBXGroup;
			children = (
				A02C5FB556723B761F4415FC /* Pods-RunLoop.debug.xcconfig */,
				0A2C061DD4B71E3EF329AA3A /* Pods-RunLoop.release.xcconfig */,
			);
			name = Pods;
			sourceTree = "<group>";
		};
/* End PBXGroup section */

/* Begin PBXNativeTarget section */
		1F8743F2204FB5C1004BEFC7 /* RunLoop */ = {
			isa = PBXNativeTarget;
			buildConfigurationList = 1F87441F204FB5C1004BEFC7 /* Build configuration list for PBXNativeTarget "RunLoop" */;
			buildPhases = (
				668A09575A25C523CC6373E1 /* [CP] Check Pods Manifest.lock */,
				1F8743EF204FB5C1004BEFC7 /* Sources */,
				1F8743F0204FB5C1004BEFC7 /* Frameworks */,
				1F8743F1204FB5C1004BEFC7 /* Resources */,
				62E089BC11F03CE9BCA93B3F /* [CP] Embed Pods Frameworks */,
				495047CF318FE5475011705B /* [CP] Copy Pods Resources */,
			);
			buildRules = (
			);
			dependencies = (
			);
			name = RunLoop;
			productName = RunLoop;
			productReference = 1F8743F3204FB5C1004BEFC7 /* RunLoop.app */;
			productType = "com.apple.product-type.application";
		};
		1F87440A204FB5C1004BEFC7 /* RunLoopTests */ = {
			isa = PBXNativeTarget;
			buildConfigurationList = 1F874422204FB5C1004BEFC7 /* Build configuration list for PBXNativeTarget "RunLoopTests" */;
			buildPhases = (
				1F874407204FB5C1004BEFC7 /* Sources */,
				1F874408204FB5C1004BEFC7 /* Frameworks */,
				1F874409204FB5C1004BEFC7 /* Resources */,
			);
			buildRules = (
			);
			dependencies = (
				1F87440D204FB5C1004BEFC7 /* PBXTargetDependency */,
			);
			name = RunLoopTests;
			productName = RunLoopTests;
			productReference = 1F87440B204FB5C1004BEFC7 /* RunLoopTests.xctest */;
			productType = "com.apple.product-type.bundle.unit-test";
		};
		1F874415204FB5C1004BEFC7 /* RunLoopUITests */ = {
			isa = PBXNativeTarget;
			buildConfigurationList = 1F874425204FB5C1004BEFC7 /* Build configuration list for PBXNativeTarget "RunLoopUITests" */;
			buildPhases = (
				1F874412204FB5C1004BEFC7 /* Sources */,
				1F874413204FB5C1004BEFC7 /* Frameworks */,
				1F874414204FB5C1004BEFC7 /* Resources */,
			);
			buildRules = (
			);
			dependencies = (
				1F874418204FB5C1004BEFC7 /* PBXTargetDependency */,
			);
			name = RunLoopUITests;
			productName = RunLoopUITests;
			productReference = 1F874416204FB5C1004BEFC7 /* RunLoopUITests.xctest */;
			productType = "com.apple.product-type.bundle.ui-testing";
		};
/* End PBXNativeTarget section */

/* Begin PBXProject section */
		1F8743EB204FB5C1004BEFC7 /* Project object */ = {
			isa = PBXProject;
			attributes = {
				LastUpgradeCheck = 0920;
				ORGANIZATIONNAME = S;
				TargetAttributes = {
					1F8743F2204FB5C1004BEFC7 = {
						CreatedOnToolsVersion = 9.2;
						ProvisioningStyle = Automatic;
					};
					1F87440A204FB5C1004BEFC7 = {
						CreatedOnToolsVersion = 9.2;
						ProvisioningStyle = Automatic;
						TestTargetID = 1F8743F2204FB5C1004BEFC7;
					};
					1F874415204FB5C1004BEFC7 = {
						CreatedOnToolsVersion = 9.2;
						ProvisioningStyle = Automatic;
						TestTargetID = 1F8743F2204FB5C1004BEFC7;
					};
				};
			};
			buildConfigurationList = 1F8743EE204FB5C1004BEFC7 /* Build configuration list for PBXProject "RunLoop" */;
			compatibilityVersion = "Xcode 8.0";
			developmentRegion = en;
			hasScannedForEncodings = 0;
			knownRegions = (
				en,
				Base,
			);
			mainGroup = 1F8743EA204FB5C1004BEFC7;
			productRefGroup = 1F8743F4204FB5C1004BEFC7 /* Products */;
			projectDirPath = "";
			projectRoot = "";
			targets = (
				1F8743F2204FB5C1004BEFC7 /* RunLoop */,
				1F87440A204FB5C1004BEFC7 /* RunLoopTests */,
				1F874415204FB5C1004BEFC7 /* RunLoopUITests */,
			);
		};
/* End PBXProject section */

/* Begin PBXResourcesBuildPhase section */
		1F8743F1204FB5C1004BEFC7 /* Resources */ = {
			isa = PBXResourcesBuildPhase;
			buildActionMask = 2147483647;
			files = (
				1F874403204FB5C1004BEFC7 /* LaunchScreen.storyboard in Resources */,
				1F0A1FA820526E46005874DE /* CommCell.xib in Resources */,
				1F874400204FB5C1004BEFC7 /* Assets.xcassets in Resources */,
				1F8743FE204FB5C1004BEFC7 /* Main.storyboard in Resources */,
			);
			runOnlyForDeploymentPostprocessing = 0;
		};
		1F874409204FB5C1004BEFC7 /* Resources */ = {
			isa = PBXResourcesBuildPhase;
			buildActionMask = 2147483647;
			files = (
			);
			runOnlyForDeploymentPostprocessing = 0;
		};
		1F874414204FB5C1004BEFC7 /* Resources */ = {
			isa = PBXResourcesBuildPhase;
			buildActionMask = 2147483647;
			files = (
			);
			runOnlyForDeploymentPostprocessing = 0;
		};
/* End PBXResourcesBuildPhase section */

/* Begin PBXShellScriptBuildPhase section */
		495047CF318FE5475011705B /* [CP] Copy Pods Resources */ = {
			isa = PBXShellScriptBuildPhase;
			buildActionMask = 2147483647;
			files = (
			);
			inputPaths = (
			);
			name = "[CP] Copy Pods Resources";
			outputPaths = (
			);
			runOnlyForDeploymentPostprocessing = 0;
			shellPath = /bin/sh;
			shellScript = "\"${SRCROOT}/Pods/Target Support Files/Pods-RunLoop/Pods-RunLoop-resources.sh\"\n";
			showEnvVarsInLog = 0;
		};
		62E089BC11F03CE9BCA93B3F /* [CP] Embed Pods Frameworks */ = {
			isa = PBXShellScriptBuildPhase;
			buildActionMask = 2147483647;
			files = (
			);
			inputPaths = (
				"${SRCROOT}/Pods/Target Support Files/Pods-RunLoop/Pods-RunLoop-frameworks.sh",
				"${BUILT_PRODUCTS_DIR}/ReactiveObjC/ReactiveObjC.framework",
			);
			name = "[CP] Embed Pods Frameworks";
			outputPaths = (
				"${TARGET_BUILD_DIR}/${FRAMEWORKS_FOLDER_PATH}/ReactiveObjC.framework",
			);
			runOnlyForDeploymentPostprocessing = 0;
			shellPath = /bin/sh;
			shellScript = "\"${SRCROOT}/Pods/Target Support Files/Pods-RunLoop/Pods-RunLoop-frameworks.sh\"\n";
			showEnvVarsInLog = 0;
		};
		668A09575A25C523CC6373E1 /* [CP] Check Pods Manifest.lock */ = {
			isa = PBXShellScriptBuildPhase;
			buildActionMask = 2147483647;
			files = (
			);
			inputPaths = (
				"${PODS_PODFILE_DIR_PATH}/Podfile.lock",
				"${PODS_ROOT}/Manifest.lock",
			);
			name = "[CP] Check Pods Manifest.lock";
			outputPaths = (
				"$(DERIVED_FILE_DIR)/Pods-RunLoop-checkManifestLockResult.txt",
			);
			runOnlyForDeploymentPostprocessing = 0;
			shellPath = /bin/sh;
			shellScript = "diff \"${PODS_PODFILE_DIR_PATH}/Podfile.lock\" \"${PODS_ROOT}/Manifest.lock\" > /dev/null\nif [ $? != 0 ] ; then\n    # print error to STDERR\n    echo \"error: The sandbox is not in sync with the Podfile.lock. Run 'pod install' or update your CocoaPods installation.\" >&2\n    exit 1\nfi\n# This output is used by Xcode 'outputs' to avoid re-running this script phase.\necho \"SUCCESS\" > \"${SCRIPT_OUTPUT_FILE_0}\"\n";
			showEnvVarsInLog = 0;
		};
/* End PBXShellScriptBuildPhase section */

/* Begin PBXSourcesBuildPhase section */
		1F8743EF204FB5C1004BEFC7 /* Sources */ = {
			isa = PBXSourcesBuildPhase;
			buildActionMask = 2147483647;
			files = (
				1FDD850D2050D5CB0052A176 /* TabViewController.m in Sources */,
				1F0A1FB720526F66005874DE /* MultiplePageOneVC.m in Sources */,
				1F0A1FBA20526F74005874DE /* MultiplePageTwoVC.m in Sources */,
				1F0A1FAE20526EC0005874DE /* MultipleTableVC.m in Sources */,
				1F0A1FC120527212005874DE /* TimerManager.m in Sources */,
				1F0A1FA320526E2C005874DE /* SingleTableVC.m in Sources */,
				1F8743FB204FB5C1004BEFC7 /* ViewController.m in Sources */,
				1F874406204FB5C1004BEFC7 /* main.m in Sources */,
				1F0A1FAB20526E51005874DE /* Model.m in Sources */,
				1F053052205662E10032DC33 /* ThreadLockViewController.m in Sources */,
				1F8743F8204FB5C1004BEFC7 /* AppDelegate.m in Sources */,
				1F0A1FA720526E46005874DE /* CommCell.m in Sources */,
			);
			runOnlyForDeploymentPostprocessing = 0;
		};
		1F874407204FB5C1004BEFC7 /* Sources */ = {
			isa = PBXSourcesBuildPhase;
			buildActionMask = 2147483647;
			files = (
				1F874410204FB5C1004BEFC7 /* RunLoopTests.m in Sources */,
			);
			runOnlyForDeploymentPostprocessing = 0;
		};
		1F874412204FB5C1004BEFC7 /* Sources */ = {
			isa = PBXSourcesBuildPhase;
			buildActionMask = 2147483647;
			files = (
				1F87441B204FB5C1004BEFC7 /* RunLoopUITests.m in Sources */,
			);
			runOnlyForDeploymentPostprocessing = 0;
		};
/* End PBXSourcesBuildPhase section */

/* Begin PBXTargetDependency section */
		1F87440D204FB5C1004BEFC7 /* PBXTargetDependency */ = {
			isa = PBXTargetDependency;
			target = 1F8743F2204FB5C1004BEFC7 /* RunLoop */;
			targetProxy = 1F87440C204FB5C1004BEFC7 /* PBXContainerItemProxy */;
		};
		1F874418204FB5C1004BEFC7 /* PBXTargetDependency */ = {
			isa = PBXTargetDependency;
			target = 1F8743F2204FB5C1004BEFC7 /* RunLoop */;
			targetProxy = 1F874417204FB5C1004BEFC7 /* PBXContainerItemProxy */;
		};
/* End PBXTargetDependency section */

/* Begin PBXVariantGroup section */
		1F8743FC204FB5C1004BEFC7 /* Main.storyboard */ = {
			isa = PBXVariantGroup;
			children = (
				1F8743FD204FB5C1004BEFC7 /* Base */,
			);
			name = Main.storyboard;
			sourceTree = "<group>";
		};
		1F874401204FB5C1004BEFC7 /* LaunchScreen.storyboard */ = {
			isa = PBXVariantGroup;
			children = (
				1F874402204FB5C1004BEFC7 /* Base */,
			);
			name = LaunchScreen.storyboard;
			sourceTree = "<group>";
		};
/* End PBXVariantGroup section */

/* Begin XCBuildConfiguration section */
		1F87441D204FB5C1004BEFC7 /* Debug */ = {
			isa = XCBuildConfiguration;
			buildSettings = {
				ALWAYS_SEARCH_USER_PATHS = NO;
				CLANG_ANALYZER_NONNULL = YES;
				CLANG_ANALYZER_NUMBER_OBJECT_CONVERSION = YES_AGGRESSIVE;
				CLANG_CXX_LANGUAGE_STANDARD = "gnu++14";
				CLANG_CXX_LIBRARY = "libc++";
				CLANG_ENABLE_MODULES = YES;
				CLANG_ENABLE_OBJC_ARC = YES;
				CLANG_WARN_BLOCK_CAPTURE_AUTORELEASING = YES;
				CLANG_WARN_BOOL_CONVERSION = YES;
				CLANG_WARN_COMMA = YES;
				CLANG_WARN_CONSTANT_CONVERSION = YES;
				CLANG_WARN_DIRECT_OBJC_ISA_USAGE = YES_ERROR;
				CLANG_WARN_DOCUMENTATION_COMMENTS = YES;
				CLANG_WARN_EMPTY_BODY = YES;
				CLANG_WARN_ENUM_CONVERSION = YES;
				CLANG_WARN_INFINITE_RECURSION = YES;
				CLANG_WARN_INT_CONVERSION = YES;
				CLANG_WARN_NON_LITERAL_NULL_CONVERSION = YES;
				CLANG_WARN_OBJC_LITERAL_CONVERSION = YES;
				CLANG_WARN_OBJC_ROOT_CLASS = YES_ERROR;
				CLANG_WARN_RANGE_LOOP_ANALYSIS = YES;
				CLANG_WARN_STRICT_PROTOTYPES = YES;
				CLANG_WARN_SUSPICIOUS_MOVE = YES;
				CLANG_WARN_UNGUARDED_AVAILABILITY = YES_AGGRESSIVE;
				CLANG_WARN_UNREACHABLE_CODE = YES;
				CLANG_WARN__DUPLICATE_METHOD_MATCH = YES;
				CODE_SIGN_IDENTITY = "iPhone Developer";
				COPY_PHASE_STRIP = NO;
				DEBUG_INFORMATION_FORMAT = dwarf;
				ENABLE_STRICT_OBJC_MSGSEND = YES;
				ENABLE_TESTABILITY = YES;
				GCC_C_LANGUAGE_STANDARD = gnu11;
				GCC_DYNAMIC_NO_PIC = NO;
				GCC_NO_COMMON_BLOCKS = YES;
				GCC_OPTIMIZATION_LEVEL = 0;
				GCC_PREPROCESSOR_DEFINITIONS = (
					"DEBUG=1",
					"$(inherited)",
				);
				GCC_WARN_64_TO_32_BIT_CONVERSION = YES;
				GCC_WARN_ABOUT_RETURN_TYPE = YES_ERROR;
				GCC_WARN_UNDECLARED_SELECTOR = YES;
				GCC_WARN_UNINITIALIZED_AUTOS = YES_AGGRESSIVE;
				GCC_WARN_UNUSED_FUNCTION = YES;
				GCC_WARN_UNUSED_VARIABLE = YES;
				IPHONEOS_DEPLOYMENT_TARGET = 11.2;
				MTL_ENABLE_DEBUG_INFO = YES;
				ONLY_ACTIVE_ARCH = YES;
				SDKROOT = iphoneos;
			};
			name = Debug;
		};
		1F87441E204FB5C1004BEFC7 /* Release */ = {
			isa = XCBuildConfiguration;
			buildSettings = {
				ALWAYS_SEARCH_USER_PATHS = NO;
				CLANG_ANALYZER_NONNULL = YES;
				CLANG_ANALYZER_NUMBER_OBJECT_CONVERSION = YES_AGGRESSIVE;
				CLANG_CXX_LANGUAGE_STANDARD = "gnu++14";
				CLANG_CXX_LIBRARY = "libc++";
				CLANG_ENABLE_MODULES = YES;
				CLANG_ENABLE_OBJC_ARC = YES;
				CLANG_WARN_BLOCK_CAPTURE_AUTORELEASING = YES;
				CLANG_WARN_BOOL_CONVERSION = YES;
				CLANG_WARN_COMMA = YES;
				CLANG_WARN_CONSTANT_CONVERSION = YES;
				CLANG_WARN_DIRECT_OBJC_ISA_USAGE = YES_ERROR;
				CLANG_WARN_DOCUMENTATION_COMMENTS = YES;
				CLANG_WARN_EMPTY_BODY = YES;
				CLANG_WARN_ENUM_CONVERSION = YES;
				CLANG_WARN_INFINITE_RECURSION = YES;
				CLANG_WARN_INT_CONVERSION = YES;
				CLANG_WARN_NON_LITERAL_NULL_CONVERSION = YES;
				CLANG_WARN_OBJC_LITERAL_CONVERSION = YES;
				CLANG_WARN_OBJC_ROOT_CLASS = YES_ERROR;
				CLANG_WARN_RANGE_LOOP_ANALYSIS = YES;
				CLANG_WARN_STRICT_PROTOTYPES = YES;
				CLANG_WARN_SUSPICIOUS_MOVE = YES;
				CLANG_WARN_UNGUARDED_AVAILABILITY = YES_AGGRESSIVE;
				CLANG_WARN_UNREACHABLE_CODE = YES;
				CLANG_WARN__DUPLICATE_METHOD_MATCH = YES;
				CODE_SIGN_IDENTITY = "iPhone Developer";
				COPY_PHASE_STRIP = NO;
				DEBUG_INFORMATION_FORMAT = "dwarf-with-dsym";
				ENABLE_NS_ASSERTIONS = NO;
				ENABLE_STRICT_OBJC_MSGSEND = YES;
				GCC_C_LANGUAGE_STANDARD = gnu11;
				GCC_NO_COMMON_BLOCKS = YES;
				GCC_WARN_64_TO_32_BIT_CONVERSION = YES;
				GCC_WARN_ABOUT_RETURN_TYPE = YES_ERROR;
				GCC_WARN_UNDECLARED_SELECTOR = YES;
				GCC_WARN_UNINITIALIZED_AUTOS = YES_AGGRESSIVE;
				GCC_WARN_UNUSED_FUNCTION = YES;
				GCC_WARN_UNUSED_VARIABLE = YES;
				IPHONEOS_DEPLOYMENT_TARGET = 11.2;
				MTL_ENABLE_DEBUG_INFO = NO;
				SDKROOT = iphoneos;
				VALIDATE_PRODUCT = YES;
			};
			name = Release;
		};
		1F874420204FB5C1004BEFC7 /* Debug */ = {
			isa = XCBuildConfiguration;
			baseConfigurationReference = A02C5FB556723B761F4415FC /* Pods-RunLoop.debug.xcconfig */;
			buildSettings = {
				ASSETCATALOG_COMPILER_APPICON_NAME = AppIcon;
				CODE_SIGN_STYLE = Automatic;
				INFOPLIST_FILE = RunLoop/Info.plist;
				LD_RUNPATH_SEARCH_PATHS = "$(inherited) @executable_path/Frameworks";
				PRODUCT_BUNDLE_IDENTIFIER = S.RunLoop;
				PRODUCT_NAME = "$(TARGET_NAME)";
				TARGETED_DEVICE_FAMILY = "1,2";
			};
			name = Debug;
		};
		1F874421204FB5C1004BEFC7 /* Release */ = {
			isa = XCBuildConfiguration;
			baseConfigurationReference = 0A2C061DD4B71E3EF329AA3A /* Pods-RunLoop.release.xcconfig */;
			buildSettings = {
				ASSETCATALOG_COMPILER_APPICON_NAME = AppIcon;
				CODE_SIGN_STYLE = Automatic;
				INFOPLIST_FILE = RunLoop/Info.plist;
				LD_RUNPATH_SEARCH_PATHS = "$(inherited) @executable_path/Frameworks";
				PRODUCT_BUNDLE_IDENTIFIER = S.RunLoop;
				PRODUCT_NAME = "$(TARGET_NAME)";
				TARGETED_DEVICE_FAMILY = "1,2";
			};
			name = Release;
		};
		1F874423204FB5C1004BEFC7 /* Debug */ = {
			isa = XCBuildConfiguration;
			buildSettings = {
				BUNDLE_LOADER = "$(TEST_HOST)";
				CODE_SIGN_STYLE = Automatic;
				INFOPLIST_FILE = RunLoopTests/Info.plist;
				LD_RUNPATH_SEARCH_PATHS = "$(inherited) @executable_path/Frameworks @loader_path/Frameworks";
				PRODUCT_BUNDLE_IDENTIFIER = S.RunLoopTests;
				PRODUCT_NAME = "$(TARGET_NAME)";
				TARGETED_DEVICE_FAMILY = "1,2";
				TEST_HOST = "$(BUILT_PRODUCTS_DIR)/RunLoop.app/RunLoop";
			};
			name = Debug;
		};
		1F874424204FB5C1004BEFC7 /* Release */ = {
			isa = XCBuildConfiguration;
			buildSettings = {
				BUNDLE_LOADER = "$(TEST_HOST)";
				CODE_SIGN_STYLE = Automatic;
				INFOPLIST_FILE = RunLoopTests/Info.plist;
				LD_RUNPATH_SEARCH_PATHS = "$(inherited) @executable_path/Frameworks @loader_path/Frameworks";
				PRODUCT_BUNDLE_IDENTIFIER = S.RunLoopTests;
				PRODUCT_NAME = "$(TARGET_NAME)";
				TARGETED_DEVICE_FAMILY = "1,2";
				TEST_HOST = "$(BUILT_PRODUCTS_DIR)/RunLoop.app/RunLoop";
			};
			name = Release;
		};
		1F874426204FB5C1004BEFC7 /* Debug */ = {
			isa = XCBuildConfiguration;
			buildSettings = {
				CODE_SIGN_STYLE = Automatic;
				INFOPLIST_FILE = RunLoopUITests/Info.plist;
				LD_RUNPATH_SEARCH_PATHS = "$(inherited) @executable_path/Frameworks @loader_path/Frameworks";
				PRODUCT_BUNDLE_IDENTIFIER = S.RunLoopUITests;
				PRODUCT_NAME = "$(TARGET_NAME)";
				TARGETED_DEVICE_FAMILY = "1,2";
				TEST_TARGET_NAME = RunLoop;
			};
			name = Debug;
		};
		1F874427204FB5C1004BEFC7 /* Release */ = {
			isa = XCBuildConfiguration;
			buildSettings = {
				CODE_SIGN_STYLE = Automatic;
				INFOPLIST_FILE = RunLoopUITests/Info.plist;
				LD_RUNPATH_SEARCH_PATHS = "$(inherited) @executable_path/Frameworks @loader_path/Frameworks";
				PRODUCT_BUNDLE_IDENTIFIER = S.RunLoopUITests;
				PRODUCT_NAME = "$(TARGET_NAME)";
				TARGETED_DEVICE_FAMILY = "1,2";
				TEST_TARGET_NAME = RunLoop;
			};
			name = Release;
		};
/* End XCBuildConfiguration section */

/* Begin XCConfigurationList section */
		1F8743EE204FB5C1004BEFC7 /* Build configuration list for PBXProject "RunLoop" */ = {
			isa = XCConfigurationList;
			buildConfigurations = (
				1F87441D204FB5C1004BEFC7 /* Debug */,
				1F87441E204FB5C1004BEFC7 /* Release */,
			);
			defaultConfigurationIsVisible = 0;
			defaultConfigurationName = Release;
		};
		1F87441F204FB5C1004BEFC7 /* Build configuration list for PBXNativeTarget "RunLoop" */ = {
			isa = XCConfigurationList;
			buildConfigurations = (
				1F874420204FB5C1004BEFC7 /* Debug */,
				1F874421204FB5C1004BEFC7 /* Release */,
			);
			defaultConfigurationIsVisible = 0;
			defaultConfigurationName = Release;
		};
		1F874422204FB5C1004BEFC7 /* Build configuration list for PBXNativeTarget "RunLoopTests" */ = {
			isa = XCConfigurationList;
			buildConfigurations = (
				1F874423204FB5C1004BEFC7 /* Debug */,
				1F874424204FB5C1004BEFC7 /* Release */,
			);
			defaultConfigurationIsVisible = 0;
			defaultConfigurationName = Release;
		};
		1F874425204FB5C1004BEFC7 /* Build configuration list for PBXNativeTarget "RunLoopUITests" */ = {
			isa = XCConfigurationList;
			buildConfigurations = (
				1F874426204FB5C1004BEFC7 /* Debug */,
				1F874427204FB5C1004BEFC7 /* Release */,
			);
			defaultConfigurationIsVisible = 0;
			defaultConfigurationName = Release;
		};
/* End XCConfigurationList section */
	};
	rootObject = 1F8743EB204FB5C1004BEFC7 /* Project object */;
}
